
Microsoft Visual Studio Solution File, Format Version 11.00
# Visual Studio 2010
Project("{FAE04EC0-301F-11D3-BF4B-00C04F79EFBC}") = "MathTreeKata", "MathTreeKata\MathTreeKata.csproj", "{B23DC68F-6A57-4FF7-BC36-087FDC77FD4F}"
EndProject
Project("{FAE04EC0-301F-11D3-BF4B-00C04F79EFBC}") = "MathTreeKataTests", "MathTreeKataTests\MathTreeKataTests.csproj", "{65E72858-B879-43DE-B8A8-818DD99CBA3D}"
EndProject
Global
	GlobalSection(SolutionConfigurationPlatforms) = preSolution
		Debug|Any CPU = Debug|Any CPU
		Release|Any CPU = Release|Any CPU
	EndGlobalSection
	GlobalSection(ProjectConfigurationPlatforms) = postSolution
		{B23DC68F-6A57-4FF7-BC36-087FDC77FD4F}.Debug|Any CPU.ActiveCfg = Debug|Any CPU
		{B23DC68F-6A57-4FF7-BC36-087FDC77FD4F}.Debug|Any CPU.Build.0 = Debug|Any CPU
		{B23DC68F-6A57-4FF7-BC36-087FDC77FD4F}.Release|Any CPU.ActiveCfg = Release|Any CPU
		{B23DC68F-6A57-4FF7-BC36-087FDC77FD4F}.Release|Any CPU.Build.0 = Release|Any CPU
		{65E72858-B879-43DE-B8A8-818DD99CBA3D}.Debug|Any CPU.ActiveCfg = Debug|Any CPU
		{65E72858-B879-43DE-B8A8-818DD99CBA3D}.Debug|Any CPU.Build.0 = Debug|Any CPU
		{65E72858-B879-43DE-B8A8-818DD99CBA3D}.Release|Any CPU.ActiveCfg = Release|Any CPU
		{65E72858-B879-43DE-B8A8-818DD99CBA3D}.Release|Any CPU.Build.0 = Release|Any CPU
	EndGlobalSection
	GlobalSection(SolutionProperties) = preSolution
		HideSolutionNode = FALSE
	EndGlobalSection
EndGlobal
